// !$*UTF8*$!
{
	archiveVersion = 1;
	classes = {
	};
	objectVersion = 55;
	objects = {

/* Begin PBXBuildFile section */
		8E0CA3B328B79997002860FC /* InfoMovieData.swift in Sources */ = {isa = PBXBuildFile; fileRef = 8E0CA3B228B79997002860FC /* InfoMovieData.swift */; };
		8E0CA3B728B799DA002860FC /* InfoMovieModel.swift in Sources */ = {isa = PBXBuildFile; fileRef = 8E0CA3B628B799D9002860FC /* InfoMovieModel.swift */; };
		8E0CA3B928B799DC002860FC /* InfoMovieManager.swift in Sources */ = {isa = PBXBuildFile; fileRef = 8E0CA3B828B799DC002860FC /* InfoMovieManager.swift */; };
		8E23B8DC28B7889C0081B55D /* CollectionViewCell.swift in Sources */ = {isa = PBXBuildFile; fileRef = 8E23B8DA28B7889C0081B55D /* CollectionViewCell.swift */; };
		8E23B8DD28B7889C0081B55D /* CollectionViewCell.xib in Resources */ = {isa = PBXBuildFile; fileRef = 8E23B8DB28B7889C0081B55D /* CollectionViewCell.xib */; };
		8E27FBDF28B5177B0017DE07 /* AppDelegate.swift in Sources */ = {isa = PBXBuildFile; fileRef = 8E27FBDE28B5177B0017DE07 /* AppDelegate.swift */; };
		8E27FBE128B5177B0017DE07 /* SceneDelegate.swift in Sources */ = {isa = PBXBuildFile; fileRef = 8E27FBE028B5177B0017DE07 /* SceneDelegate.swift */; };
		8E27FBE628B5177B0017DE07 /* Main.storyboard in Resources */ = {isa = PBXBuildFile; fileRef = 8E27FBE428B5177B0017DE07 /* Main.storyboard */; };
		8E27FBE828B517830017DE07 /* Assets.xcassets in Resources */ = {isa = PBXBuildFile; fileRef = 8E27FBE728B517830017DE07 /* Assets.xcassets */; };
		8E27FBEB28B517830017DE07 /* LaunchScreen.storyboard in Resources */ = {isa = PBXBuildFile; fileRef = 8E27FBE928B517830017DE07 /* LaunchScreen.storyboard */; };
		8E27FBF328B517BF0017DE07 /* TableViewController.swift in Sources */ = {isa = PBXBuildFile; fileRef = 8E27FBF228B517BF0017DE07 /* TableViewController.swift */; };
		8E3CB28928B6204A00486C52 /* InfoViewController.swift in Sources */ = {isa = PBXBuildFile; fileRef = 8E3CB28828B6204A00486C52 /* InfoViewController.swift */; };
		8E53A42D28BE3E9900104EDB /* MovieData.swift in Sources */ = {isa = PBXBuildFile; fileRef = 8E53A42A28BE3E9900104EDB /* MovieData.swift */; };
		8E53A42E28BE3E9900104EDB /* MovieManager.swift in Sources */ = {isa = PBXBuildFile; fileRef = 8E53A42B28BE3E9900104EDB /* MovieManager.swift */; };
		8E53A43028BE3EF000104EDB /* MovieModel.swift in Sources */ = {isa = PBXBuildFile; fileRef = 8E53A42F28BE3EF000104EDB /* MovieModel.swift */; };
		8E53A43328BE3FEC00104EDB /* SearchViewController.swift in Sources */ = {isa = PBXBuildFile; fileRef = 8E53A43228BE3FEB00104EDB /* SearchViewController.swift */; };
		8E82A18428C0E45F003A55D3 /* Extensions.swift in Sources */ = {isa = PBXBuildFile; fileRef = 8E82A18328C0E45F003A55D3 /* Extensions.swift */; };
		8ECFB99E28B52DC700D8C77D /* Constants.swift in Sources */ = {isa = PBXBuildFile; fileRef = 8ECFB99D28B52DC700D8C77D /* Constants.swift */; };
		8EF722EC28B91AC400DA0419 /* CastModel.swift in Sources */ = {isa = PBXBuildFile; fileRef = 8EF722EB28B91AC400DA0419 /* CastModel.swift */; };
		8EFDBC7A28B55C300006978C /* MainTableViewCell.swift in Sources */ = {isa = PBXBuildFile; fileRef = 8EFDBC7828B55C300006978C /* MainTableViewCell.swift */; };
		8EFDBC7B28B55C300006978C /* MainTableViewCell.xib in Resources */ = {isa = PBXBuildFile; fileRef = 8EFDBC7928B55C300006978C /* MainTableViewCell.xib */; };
		8EFF2D2528BD52AA00963AC8 /* VideoViewController.swift in Sources */ = {isa = PBXBuildFile; fileRef = 8EFF2D2428BD52AA00963AC8 /* VideoViewController.swift */; };
		8EFF2D2A28BD580E00963AC8 /* YouTubeiOSPlayerHelper in Frameworks */ = {isa = PBXBuildFile; productRef = 8EFF2D2928BD580E00963AC8 /* YouTubeiOSPlayerHelper */; };
/* End PBXBuildFile section */

/* Begin PBXFileReference section */
		8E0CA3B228B79997002860FC /* InfoMovieData.swift */ = {isa = PBXFileReference; lastKnownFileType = sourcecode.swift; path = InfoMovieData.swift; sourceTree = "<group>"; };
		8E0CA3B628B799D9002860FC /* InfoMovieModel.swift */ = {isa = PBXFileReference; lastKnownFileType = sourcecode.swift; path = InfoMovieModel.swift; sourceTree = "<group>"; };
		8E0CA3B828B799DC002860FC /* InfoMovieManager.swift */ = {isa = PBXFileReference; lastKnownFileType = sourcecode.swift; path = InfoMovieManager.swift; sourceTree = "<group>"; };
		8E23B8DA28B7889C0081B55D /* CollectionViewCell.swift */ = {isa = PBXFileReference; lastKnownFileType = sourcecode.swift; path = CollectionViewCell.swift; sourceTree = "<group>"; };
		8E23B8DB28B7889C0081B55D /* CollectionViewCell.xib */ = {isa = PBXFileReference; lastKnownFileType = file.xib; path = CollectionViewCell.xib; sourceTree = "<group>"; };
		8E27FBDB28B5177B0017DE07 /* InfoMovie.app */ = {isa = PBXFileReference; explicitFileType = wrapper.application; includeInIndex = 0; path = InfoMovie.app; sourceTree = BUILT_PRODUCTS_DIR; };
		8E27FBDE28B5177B0017DE07 /* AppDelegate.swift */ = {isa = PBXFileReference; lastKnownFileType = sourcecode.swift; path = AppDelegate.swift; sourceTree = "<group>"; };
		8E27FBE028B5177B0017DE07 /* SceneDelegate.swift */ = {isa = PBXFileReference; lastKnownFileType = sourcecode.swift; path = SceneDelegate.swift; sourceTree = "<group>"; };
		8E27FBE528B5177B0017DE07 /* Base */ = {isa = PBXFileReference; lastKnownFileType = file.storyboard; name = Base; path = Base.lproj/Main.storyboard; sourceTree = "<group>"; };
		8E27FBE728B517830017DE07 /* Assets.xcassets */ = {isa = PBXFileReference; lastKnownFileType = folder.assetcatalog; path = Assets.xcassets; sourceTree = "<group>"; };
		8E27FBEA28B517830017DE07 /* Base */ = {isa = PBXFileReference; lastKnownFileType = file.storyboard; name = Base; path = Base.lproj/LaunchScreen.storyboard; sourceTree = "<group>"; };
		8E27FBEC28B517830017DE07 /* Info.plist */ = {isa = PBXFileReference; lastKnownFileType = text.plist.xml; path = Info.plist; sourceTree = "<group>"; };
		8E27FBF228B517BF0017DE07 /* TableViewController.swift */ = {isa = PBXFileReference; lastKnownFileType = sourcecode.swift; path = TableViewController.swift; sourceTree = "<group>"; };
		8E3CB28828B6204A00486C52 /* InfoViewController.swift */ = {isa = PBXFileReference; lastKnownFileType = sourcecode.swift; path = InfoViewController.swift; sourceTree = "<group>"; };
		8E53A42A28BE3E9900104EDB /* MovieData.swift */ = {isa = PBXFileReference; fileEncoding = 4; lastKnownFileType = sourcecode.swift; path = MovieData.swift; sourceTree = "<group>"; };
		8E53A42B28BE3E9900104EDB /* MovieManager.swift */ = {isa = PBXFileReference; fileEncoding = 4; lastKnownFileType = sourcecode.swift; path = MovieManager.swift; sourceTree = "<group>"; };
		8E53A42F28BE3EF000104EDB /* MovieModel.swift */ = {isa = PBXFileReference; fileEncoding = 4; lastKnownFileType = sourcecode.swift; path = MovieModel.swift; sourceTree = "<group>"; };
		8E53A43228BE3FEB00104EDB /* SearchViewController.swift */ = {isa = PBXFileReference; lastKnownFileType = sourcecode.swift; path = SearchViewController.swift; sourceTree = "<group>"; };
		8E82A18328C0E45F003A55D3 /* Extensions.swift */ = {isa = PBXFileReference; fileEncoding = 4; lastKnownFileType = sourcecode.swift; name = Extensions.swift; path = "info Movie/Extensions.swift"; sourceTree = SOURCE_ROOT; };
		8ECFB99D28B52DC700D8C77D /* Constants.swift */ = {isa = PBXFileReference; lastKnownFileType = sourcecode.swift; path = Constants.swift; sourceTree = "<group>"; };
		8EF722EB28B91AC400DA0419 /* CastModel.swift */ = {isa = PBXFileReference; lastKnownFileType = sourcecode.swift; path = CastModel.swift; sourceTree = "<group>"; };
		8EFDBC7828B55C300006978C /* MainTableViewCell.swift */ = {isa = PBXFileReference; lastKnownFileType = sourcecode.swift; path = MainTableViewCell.swift; sourceTree = "<group>"; };
		8EFDBC7928B55C300006978C /* MainTableViewCell.xib */ = {isa = PBXFileReference; lastKnownFileType = file.xib; path = MainTableViewCell.xib; sourceTree = "<group>"; };
		8EFF2D2428BD52AA00963AC8 /* VideoViewController.swift */ = {isa = PBXFileReference; lastKnownFileType = sourcecode.swift; path = VideoViewController.swift; sourceTree = "<group>"; };
/* End PBXFileReference section */

/* Begin PBXFrameworksBuildPhase section */
		8E27FBD828B5177B0017DE07 /* Frameworks */ = {
			isa = PBXFrameworksBuildPhase;
			buildActionMask = 2147483647;
			files = (
				8EFF2D2A28BD580E00963AC8 /* YouTubeiOSPlayerHelper in Frameworks */,
			);
			runOnlyForDeploymentPostprocessing = 0;
		};
/* End PBXFrameworksBuildPhase section */

/* Begin PBXGroup section */
		8E0CA3B028B7953E002860FC /* InfoCell */ = {
			isa = PBXGroup;
			children = (
				8E23B8DA28B7889C0081B55D /* CollectionViewCell.swift */,
				8E23B8DB28B7889C0081B55D /* CollectionViewCell.xib */,
			);
			path = InfoCell;
			sourceTree = "<group>";
		};
		8E0CA3B128B79550002860FC /* MainCell */ = {
			isa = PBXGroup;
			children = (
				8EFDBC7828B55C300006978C /* MainTableViewCell.swift */,
				8EFDBC7928B55C300006978C /* MainTableViewCell.xib */,
			);
			path = MainCell;
			sourceTree = "<group>";
		};
		8E0CA3B428B7999E002860FC /* Main */ = {
			isa = PBXGroup;
			children = (
				8E53A42F28BE3EF000104EDB /* MovieModel.swift */,
				8E53A42A28BE3E9900104EDB /* MovieData.swift */,
				8E53A42B28BE3E9900104EDB /* MovieManager.swift */,
			);
			path = Main;
			sourceTree = "<group>";
		};
		8E0CA3B528B799AC002860FC /* Info */ = {
			isa = PBXGroup;
			children = (
				8E0CA3B228B79997002860FC /* InfoMovieData.swift */,
				8E0CA3B828B799DC002860FC /* InfoMovieManager.swift */,
				8E0CA3B628B799D9002860FC /* InfoMovieModel.swift */,
			);
			path = Info;
			sourceTree = "<group>";
		};
		8E27FBD228B5177A0017DE07 = {
			isa = PBXGroup;
			children = (
				8E27FBDD28B5177B0017DE07 /* Info Movie */,
				8E27FBDC28B5177B0017DE07 /* Products */,
			);
			sourceTree = "<group>";
		};
		8E27FBDC28B5177B0017DE07 /* Products */ = {
			isa = PBXGroup;
			children = (
				8E27FBDB28B5177B0017DE07 /* InfoMovie.app */,
			);
			name = Products;
			sourceTree = "<group>";
		};
		8E27FBDD28B5177B0017DE07 /* Info Movie */ = {
			isa = PBXGroup;
			children = (
				8E27FBDE28B5177B0017DE07 /* AppDelegate.swift */,
				8E27FBE028B5177B0017DE07 /* SceneDelegate.swift */,
				8ECFB99D28B52DC700D8C77D /* Constants.swift */,
				8EFDBC7728B55BC10006978C /* Views */,
				8E4B2C8D28B545F900450EA9 /* Models */,
				8E4B2C8E28B5460600450EA9 /* Controller */,
				8E27FBE728B517830017DE07 /* Assets.xcassets */,
				8E27FBE928B517830017DE07 /* LaunchScreen.storyboard */,
				8E27FBEC28B517830017DE07 /* Info.plist */,
			);
			path = "Info Movie";
			sourceTree = "<group>";
		};
		8E4B2C8D28B545F900450EA9 /* Models */ = {
			isa = PBXGroup;
			children = (
				8E82A18328C0E45F003A55D3 /* Extensions.swift */,
				8E0CA3B428B7999E002860FC /* Main */,
				8E0CA3B528B799AC002860FC /* Info */,
				8EF722EB28B91AC400DA0419 /* CastModel.swift */,
			);
			path = Models;
			sourceTree = "<group>";
		};
		8E4B2C8E28B5460600450EA9 /* Controller */ = {
			isa = PBXGroup;
			children = (
				8E27FBF228B517BF0017DE07 /* TableViewController.swift */,
				8E53A43228BE3FEB00104EDB /* SearchViewController.swift */,
				8E3CB28828B6204A00486C52 /* InfoViewController.swift */,
				8EFF2D2428BD52AA00963AC8 /* VideoViewController.swift */,
			);
			path = Controller;
			sourceTree = "<group>";
		};
		8EFDBC7728B55BC10006978C /* Views */ = {
			isa = PBXGroup;
			children = (
				8E27FBE428B5177B0017DE07 /* Main.storyboard */,
				8E0CA3B128B79550002860FC /* MainCell */,
				8E0CA3B028B7953E002860FC /* InfoCell */,
			);
			path = Views;
			sourceTree = "<group>";
		};
/* End PBXGroup section */

/* Begin PBXNativeTarget section */
		8E27FBDA28B5177B0017DE07 /* InfoMovie */ = {
			isa = PBXNativeTarget;
			buildConfigurationList = 8E27FBEF28B517830017DE07 /* Build configuration list for PBXNativeTarget "InfoMovie" */;
			buildPhases = (
				8E27FBD728B5177B0017DE07 /* Sources */,
				8E27FBD828B5177B0017DE07 /* Frameworks */,
				8E27FBD928B5177B0017DE07 /* Resources */,
			);
			buildRules = (
			);
			dependencies = (
			);
			name = InfoMovie;
			packageProductDependencies = (
				8EFF2D2928BD580E00963AC8 /* YouTubeiOSPlayerHelper */,
			);
			productName = "TVAA Test";
			productReference = 8E27FBDB28B5177B0017DE07 /* InfoMovie.app */;
			productType = "com.apple.product-type.application";
		};
/* End PBXNativeTarget section */

/* Begin PBXProject section */
		8E27FBD328B5177A0017DE07 /* Project object */ = {
			isa = PBXProject;
			attributes = {
				BuildIndependentTargetsInParallel = 1;
				LastSwiftUpdateCheck = 1340;
				LastUpgradeCheck = 1340;
				TargetAttributes = {
					8E27FBDA28B5177B0017DE07 = {
						CreatedOnToolsVersion = 13.4.1;
					};
				};
			};
			buildConfigurationList = 8E27FBD628B5177A0017DE07 /* Build configuration list for PBXProject "Info Movie" */;
			compatibilityVersion = "Xcode 13.0";
			developmentRegion = en;
			hasScannedForEncodings = 0;
			knownRegions = (
				en,
				Base,
			);
			mainGroup = 8E27FBD228B5177A0017DE07;
			packageReferences = (
				8EFF2D2828BD580E00963AC8 /* XCRemoteSwiftPackageReference "youtube-ios-player-helper" */,
			);
			productRefGroup = 8E27FBDC28B5177B0017DE07 /* Products */;
			projectDirPath = "";
			projectRoot = "";
			targets = (
				8E27FBDA28B5177B0017DE07 /* InfoMovie */,
			);
		};
/* End PBXProject section */

/* Begin PBXResourcesBuildPhase section */
		8E27FBD928B5177B0017DE07 /* Resources */ = {
			isa = PBXResourcesBuildPhase;
			buildActionMask = 2147483647;
			files = (
				8E27FBEB28B517830017DE07 /* LaunchScreen.storyboard in Resources */,
				8E23B8DD28B7889C0081B55D /* CollectionViewCell.xib in Resources */,
				8EFDBC7B28B55C300006978C /* MainTableViewCell.xib in Resources */,
				8E27FBE828B517830017DE07 /* Assets.xcassets in Resources */,
				8E27FBE628B5177B0017DE07 /* Main.storyboard in Resources */,
			);
			runOnlyForDeploymentPostprocessing = 0;
		};
/* End PBXResourcesBuildPhase section */

/* Begin PBXSourcesBuildPhase section */
		8E27FBD728B5177B0017DE07 /* Sources */ = {
			isa = PBXSourcesBuildPhase;
			buildActionMask = 2147483647;
			files = (
				8E0CA3B728B799DA002860FC /* InfoMovieModel.swift in Sources */,
				8E0CA3B328B79997002860FC /* InfoMovieData.swift in Sources */,
				8ECFB99E28B52DC700D8C77D /* Constants.swift in Sources */,
				8E53A43328BE3FEC00104EDB /* SearchViewController.swift in Sources */,
				8E53A42D28BE3E9900104EDB /* MovieData.swift in Sources */,
				8EFDBC7A28B55C300006978C /* MainTableViewCell.swift in Sources */,
				8EF722EC28B91AC400DA0419 /* CastModel.swift in Sources */,
				8E3CB28928B6204A00486C52 /* InfoViewController.swift in Sources */,
				8E0CA3B928B799DC002860FC /* InfoMovieManager.swift in Sources */,
				8E53A42E28BE3E9900104EDB /* MovieManager.swift in Sources */,
				8EFF2D2528BD52AA00963AC8 /* VideoViewController.swift in Sources */,
				8E27FBDF28B5177B0017DE07 /* AppDelegate.swift in Sources */,
				8E53A43028BE3EF000104EDB /* MovieModel.swift in Sources */,
				8E23B8DC28B7889C0081B55D /* CollectionViewCell.swift in Sources */,
				8E82A18428C0E45F003A55D3 /* Extensions.swift in Sources */,
				8E27FBE128B5177B0017DE07 /* SceneDelegate.swift in Sources */,
				8E27FBF328B517BF0017DE07 /* TableViewController.swift in Sources */,
			);
			runOnlyForDeploymentPostprocessing = 0;
		};
/* End PBXSourcesBuildPhase section */

/* Begin PBXVariantGroup section */
		8E27FBE428B5177B0017DE07 /* Main.storyboard */ = {
			isa = PBXVariantGroup;
			children = (
				8E27FBE528B5177B0017DE07 /* Base */,
			);
			name = Main.storyboard;
			sourceTree = "<group>";
		};
		8E27FBE928B517830017DE07 /* LaunchScreen.storyboard */ = {
			isa = PBXVariantGroup;
			children = (
				8E27FBEA28B517830017DE07 /* Base */,
			);
			name = LaunchScreen.storyboard;
			sourceTree = "<group>";
		};
/* End PBXVariantGroup section */

/* Begin XCBuildConfiguration section */
		8E27FBED28B517830017DE07 /* Debug */ = {
			isa = XCBuildConfiguration;
			buildSettings = {
				ALWAYS_SEARCH_USER_PATHS = NO;
				CLANG_ANALYZER_NONNULL = YES;
				CLANG_ANALYZER_NUMBER_OBJECT_CONVERSION = YES_AGGRESSIVE;
				CLANG_CXX_LANGUAGE_STANDARD = "gnu++17";
				CLANG_ENABLE_MODULES = YES;
				CLANG_ENABLE_OBJC_ARC = YES;
				CLANG_ENABLE_OBJC_WEAK = YES;
				CLANG_WARN_BLOCK_CAPTURE_AUTORELEASING = YES;
				CLANG_WARN_BOOL_CONVERSION = YES;
				CLANG_WARN_COMMA = YES;
				CLANG_WARN_CONSTANT_CONVERSION = YES;
				CLANG_WARN_DEPRECATED_OBJC_IMPLEMENTATIONS = YES;
				CLANG_WARN_DIRECT_OBJC_ISA_USAGE = YES_ERROR;
				CLANG_WARN_DOCUMENTATION_COMMENTS = YES;
				CLANG_WARN_EMPTY_BODY = YES;
				CLANG_WARN_ENUM_CONVERSION = YES;
				CLANG_WARN_INFINITE_RECURSION = YES;
				CLANG_WARN_INT_CONVERSION = YES;
				CLANG_WARN_NON_LITERAL_NULL_CONVERSION = YES;
				CLANG_WARN_OBJC_IMPLICIT_RETAIN_SELF = YES;
				CLANG_WARN_OBJC_LITERAL_CONVERSION = YES;
				CLANG_WARN_OBJC_ROOT_CLASS = YES_ERROR;
				CLANG_WARN_QUOTED_INCLUDE_IN_FRAMEWORK_HEADER = YES;
				CLANG_WARN_RANGE_LOOP_ANALYSIS = YES;
				CLANG_WARN_STRICT_PROTOTYPES = YES;
				CLANG_WARN_SUSPICIOUS_MOVE = YES;
				CLANG_WARN_UNGUARDED_AVAILABILITY = YES_AGGRESSIVE;
				CLANG_WARN_UNREACHABLE_CODE = YES;
				CLANG_WARN__DUPLICATE_METHOD_MATCH = YES;
				COPY_PHASE_STRIP = NO;
				DEBUG_INFORMATION_FORMAT = dwarf;
				ENABLE_STRICT_OBJC_MSGSEND = YES;
				ENABLE_TESTABILITY = YES;
				GCC_C_LANGUAGE_STANDARD = gnu11;
				GCC_DYNAMIC_NO_PIC = NO;
				GCC_NO_COMMON_BLOCKS = YES;
				GCC_OPTIMIZATION_LEVEL = 0;
				GCC_PREPROCESSOR_DEFINITIONS = (
					"DEBUG=1",
					"$(inherited)",
				);
				GCC_WARN_64_TO_32_BIT_CONVERSION = YES;
				GCC_WARN_ABOUT_RETURN_TYPE = YES_ERROR;
				GCC_WARN_UNDECLARED_SELECTOR = YES;
				GCC_WARN_UNINITIALIZED_AUTOS = YES_AGGRESSIVE;
				GCC_WARN_UNUSED_FUNCTION = YES;
				GCC_WARN_UNUSED_VARIABLE = YES;
				IPHONEOS_DEPLOYMENT_TARGET = 15.5;
				MTL_ENABLE_DEBUG_INFO = INCLUDE_SOURCE;
				MTL_FAST_MATH = YES;
				ONLY_ACTIVE_ARCH = YES;
				SDKROOT = iphoneos;
				SWIFT_ACTIVE_COMPILATION_CONDITIONS = DEBUG;
				SWIFT_OPTIMIZATION_LEVEL = "-Onone";
			};
			name = Debug;
		};
		8E27FBEE28B517830017DE07 /* Release */ = {
			isa = XCBuildConfiguration;
			buildSettings = {
				ALWAYS_SEARCH_USER_PATHS = NO;
				CLANG_ANALYZER_NONNULL = YES;
				CLANG_ANALYZER_NUMBER_OBJECT_CONVERSION = YES_AGGRESSIVE;
				CLANG_CXX_LANGUAGE_STANDARD = "gnu++17";
				CLANG_ENABLE_MODULES = YES;
				CLANG_ENABLE_OBJC_ARC = YES;
				CLANG_ENABLE_OBJC_WEAK = YES;
				CLANG_WARN_BLOCK_CAPTURE_AUTORELEASING = YES;
				CLANG_WARN_BOOL_CONVERSION = YES;
				CLANG_WARN_COMMA = YES;
				CLANG_WARN_CONSTANT_CONVERSION = YES;
				CLANG_WARN_DEPRECATED_OBJC_IMPLEMENTATIONS = YES;
				CLANG_WARN_DIRECT_OBJC_ISA_USAGE = YES_ERROR;
				CLANG_WARN_DOCUMENTATION_COMMENTS = YES;
				CLANG_WARN_EMPTY_BODY = YES;
				CLANG_WARN_ENUM_CONVERSION = YES;
				CLANG_WARN_INFINITE_RECURSION = YES;
				CLANG_WARN_INT_CONVERSION = YES;
				CLANG_WARN_NON_LITERAL_NULL_CONVERSION = YES;
				CLANG_WARN_OBJC_IMPLICIT_RETAIN_SELF = YES;
				CLANG_WARN_OBJC_LITERAL_CONVERSION = YES;
				CLANG_WARN_OBJC_ROOT_CLASS = YES_ERROR;
				CLANG_WARN_QUOTED_INCLUDE_IN_FRAMEWORK_HEADER = YES;
				CLANG_WARN_RANGE_LOOP_ANALYSIS = YES;
				CLANG_WARN_STRICT_PROTOTYPES = YES;
				CLANG_WARN_SUSPICIOUS_MOVE = YES;
				CLANG_WARN_UNGUARDED_AVAILABILITY = YES_AGGRESSIVE;
				CLANG_WARN_UNREACHABLE_CODE = YES;
				CLANG_WARN__DUPLICATE_METHOD_MATCH = YES;
				COPY_PHASE_STRIP = NO;
				DEBUG_INFORMATION_FORMAT = "dwarf-with-dsym";
				ENABLE_NS_ASSERTIONS = NO;
				ENABLE_STRICT_OBJC_MSGSEND = YES;
				GCC_C_LANGUAGE_STANDARD = gnu11;
				GCC_NO_COMMON_BLOCKS = YES;
				GCC_WARN_64_TO_32_BIT_CONVERSION = YES;
				GCC_WARN_ABOUT_RETURN_TYPE = YES_ERROR;
				GCC_WARN_UNDECLARED_SELECTOR = YES;
				GCC_WARN_UNINITIALIZED_AUTOS = YES_AGGRESSIVE;
				GCC_WARN_UNUSED_FUNCTION = YES;
				GCC_WARN_UNUSED_VARIABLE = YES;
				IPHONEOS_DEPLOYMENT_TARGET = 15.5;
				MTL_ENABLE_DEBUG_INFO = NO;
				MTL_FAST_MATH = YES;
				SDKROOT = iphoneos;
				SWIFT_COMPILATION_MODE = wholemodule;
				SWIFT_OPTIMIZATION_LEVEL = "-O";
				VALIDATE_PRODUCT = YES;
			};
			name = Release;
		};
		8E27FBF028B517830017DE07 /* Debug */ = {
			isa = XCBuildConfiguration;
			buildSettings = {
				ASSETCATALOG_COMPILER_APPICON_NAME = AppIcon;
				ASSETCATALOG_COMPILER_GLOBAL_ACCENT_COLOR_NAME = AccentColor;
				CODE_SIGN_STYLE = Automatic;
				CURRENT_PROJECT_VERSION = 1;
				DEVELOPMENT_TEAM = 4CRP9BLFN6;
				GENERATE_INFOPLIST_FILE = YES;
				INFOPLIST_FILE = "Info Movie/Info.plist";
				INFOPLIST_KEY_CFBundleDisplayName = "Info Movie";
				INFOPLIST_KEY_UIApplicationSupportsIndirectInputEvents = YES;
				INFOPLIST_KEY_UILaunchStoryboardName = LaunchScreen;
				INFOPLIST_KEY_UIMainStoryboardFile = Main;
				INFOPLIST_KEY_UISupportedInterfaceOrientations_iPad = "UIInterfaceOrientationPortrait UIInterfaceOrientationPortraitUpsideDown UIInterfaceOrientationLandscapeLeft UIInterfaceOrientationLandscapeRight";
				INFOPLIST_KEY_UISupportedInterfaceOrientations_iPhone = "UIInterfaceOrientationPortrait UIInterfaceOrientationLandscapeLeft UIInterfaceOrientationLandscapeRight";
				LD_RUNPATH_SEARCH_PATHS = (
					"$(inherited)",
					"@executable_path/Frameworks",
				);
				MARKETING_VERSION = 1.0;
				PRODUCT_BUNDLE_IDENTIFIER = pt.rasnath.app3.InfoMovie;
				PRODUCT_NAME = "$(TARGET_NAME)";
				SWIFT_EMIT_LOC_STRINGS = YES;
				SWIFT_VERSION = 5.0;
				TARGETED_DEVICE_FAMILY = "1,2";
			};
			name = Debug;
		};
		8E27FBF128B517830017DE07 /* Release */ = {
			isa = XCBuildConfiguration;
			buildSettings = {
				ASSETCATALOG_COMPILER_APPICON_NAME = AppIcon;
				ASSETCATALOG_COMPILER_GLOBAL_ACCENT_COLOR_NAME = AccentColor;
				CODE_SIGN_STYLE = Automatic;
				CURRENT_PROJECT_VERSION = 1;
				DEVELOPMENT_TEAM = 4CRP9BLFN6;
				GENERATE_INFOPLIST_FILE = YES;
				INFOPLIST_FILE = "Info Movie/Info.plist";
				INFOPLIST_KEY_CFBundleDisplayName = "Info Movie";
				INFOPLIST_KEY_UIApplicationSupportsIndirectInputEvents = YES;
				INFOPLIST_KEY_UILaunchStoryboardName = LaunchScreen;
				INFOPLIST_KEY_UIMainStoryboardFile = Main;
				INFOPLIST_KEY_UISupportedInterfaceOrientations_iPad = "UIInterfaceOrientationPortrait UIInterfaceOrientationPortraitUpsideDown UIInterfaceOrientationLandscapeLeft UIInterfaceOrientationLandscapeRight";
				INFOPLIST_KEY_UISupportedInterfaceOrientations_iPhone = "UIInterfaceOrientationPortrait UIInterfaceOrientationLandscapeLeft UIInterfaceOrientationLandscapeRight";
				LD_RUNPATH_SEARCH_PATHS = (
					"$(inherited)",
					"@executable_path/Frameworks",
				);
				MARKETING_VERSION = 1.0;
				PRODUCT_BUNDLE_IDENTIFIER = pt.rasnath.app3.InfoMovie;
				PRODUCT_NAME = "$(TARGET_NAME)";
				SWIFT_EMIT_LOC_STRINGS = YES;
				SWIFT_VERSION = 5.0;
				TARGETED_DEVICE_FAMILY = "1,2";
			};
			name = Release;
		};
/* End XCBuildConfiguration section */

/* Begin XCConfigurationList section */
		8E27FBD628B5177A0017DE07 /* Build configuration list for PBXProject "Info Movie" */ = {
			isa = XCConfigurationList;
			buildConfigurations = (
				8E27FBED28B517830017DE07 /* Debug */,
				8E27FBEE28B517830017DE07 /* Release */,
			);
			defaultConfigurationIsVisible = 0;
			defaultConfigurationName = Release;
		};
		8E27FBEF28B517830017DE07 /* Build configuration list for PBXNativeTarget "InfoMovie" */ = {
			isa = XCConfigurationList;
			buildConfigurations = (
				8E27FBF028B517830017DE07 /* Debug */,
				8E27FBF128B517830017DE07 /* Release */,
			);
			defaultConfigurationIsVisible = 0;
			defaultConfigurationName = Release;
		};
/* End XCConfigurationList section */

/* Begin XCRemoteSwiftPackageReference section */
		8EFF2D2828BD580E00963AC8 /* XCRemoteSwiftPackageReference "youtube-ios-player-helper" */ = {
			isa = XCRemoteSwiftPackageReference;
			repositoryURL = "https://github.com/youtube/youtube-ios-player-helper.git";
			requirement = {
				kind = upToNextMajorVersion;
				minimumVersion = 1.0.4;
			};
		};
/* End XCRemoteSwiftPackageReference section */

/* Begin XCSwiftPackageProductDependency section */
		8EFF2D2928BD580E00963AC8 /* YouTubeiOSPlayerHelper */ = {
			isa = XCSwiftPackageProductDependency;
			package = 8EFF2D2828BD580E00963AC8 /* XCRemoteSwiftPackageReference "youtube-ios-player-helper" */;
			productName = YouTubeiOSPlayerHelper;
		};
/* End XCSwiftPackageProductDependency section */
	};
	rootObject = 8E27FBD328B5177A0017DE07 /* Project object */;
}
